{
    "_meta": {
        "hash": {
            "sha256": "6b157b8753cc6d012aab90b943a2024830b26da0e4cee4fb5d4e7d93af206036"
        },
        "pipfile-spec": 6,
        "requires": {
            "python_version": "3.13.7"
        },
        "sources": [
            {
                "name": "pypi",
                "url": "https://pypi.python.org/simple",
                "verify_ssl": true
            }
        ]
    },
    "default": {
        "jpholiday": {
            "hashes": [
                "sha256:40ae95057f86198c0949c2b71c04b7c5ba5624af0cbed4e8325bf74d02da2ec5",
                "sha256:a8070e9558427a208eaed36c57f56560023356f5529f1a792bfd85873721f217"
            ],
            "index": "pypi",
            "version": "==1.0.2"
        }
    },
    "develop": {}
}
